lockfileVersion: '9.0'

settings:
  autoInstallPeers: true
  excludeLinksFromLockfile: false

importers:
  .:
    devDependencies:
      prettier:
        specifier: ^3.3.3
        version: 3.3.3

  packages/cli:
    dependencies:
      zx:
        specifier: ^8.1.8
        version: 8.1.8

packages:
  '@types/fs-extra@11.0.4':
    resolution:
      {
        integrity: sha512-yTbItCNreRooED33qjunPthRcSjERP1r4MqCZc7wv0u2sUkzTFp45tgUfS5+r7FrZPdmCCNflLhVSP/o+SemsQ==,
      }

  '@types/jsonfile@6.1.4':
    resolution:
      {
        integrity: sha512-D5qGUYwjvnNNextdU59/+fI+spnwtTFmyQP0h+PfIOSkNfpU6AOICUOkm4i0OnSk+NyjdPJrxCDro0sJsWlRpQ==,
      }

  '@types/node@22.7.2':
    resolution:
      {
        integrity: sha512-866lXSrpGpgyHBZUa2m9YNWqHDjjM0aBTJlNtYaGEw4rqY/dcD7deRVTbBBAJelfA7oaGDbNftXF/TL/A6RgoA==,
      }

  prettier@3.3.3:
    resolution:
      {
        integrity: sha512-i2tDNA0O5IrMO757lfrdQZCc2jPNDVntV0m/+4whiDfWaTKfMNgR7Qz0NAeGz/nRqF4m5/6CLzbP4/liHt12Ew==,
      }
    engines: { node: '>=14' }
    hasBin: true

  undici-types@6.19.8:
    resolution:
      {
        integrity: sha512-ve2KP6f/JnbPBFyobGHuerC9g1FYGn/F8n1LWTwNxCEzd6IfqTwUQcNXgEtmmQ6DlRrC1hrSrBnCZPokRrDHjw==,
      }

  zx@8.1.8:
    resolution:
      {
        integrity: sha512-m8s48skYQ8EcRz9KXfc7rZCjqlZevOGiNxq5tNhDiGnhOvXKRGxVr+ajUma9B6zxMdHGSSbnjV/R/r7Ue2xd+A==,
      }
    engines: { node: '>= 12.17.0' }
    hasBin: true

snapshots:
  '@types/fs-extra@11.0.4':
    dependencies:
      '@types/jsonfile': 6.1.4
      '@types/node': 22.7.2
    optional: true

  '@types/jsonfile@6.1.4':
    dependencies:
      '@types/node': 22.7.2
    optional: true

  '@types/node@22.7.2':
    dependencies:
      undici-types: 6.19.8
    optional: true

  prettier@3.3.3: {}

  undici-types@6.19.8:
    optional: true

  zx@8.1.8:
    optionalDependencies:
      '@types/fs-extra': 11.0.4
      '@types/node': 22.7.2
